{
  "name": "cliente-modelo-qm-deployment",
  "version": "0.0.0",
  "lockfileVersion": 3,
  "requires": true,
  "packages": {
    "": {
      "name": "cliente-modelo-qm-deployment",
      "version": "0.0.0",
      "dependencies": {
        "@yc-software/qm": "0.1.6"
      },
      "engines": {
        "node": ">=24.0.0"
      }
    },
    "node_modules/@yc-software/qm": {
      "version": "0.1.6",
      "resolved": "https://registry.npmjs.org/@yc-software/qm/-/qm-0.1.6.tgz",
      "integrity": "sha512-GGiPxrfdA5VlVsrKZkCn5KOGTTbuASafC8qhbaywaHmwkcbDcwui5N2KlL/SUQ8x5sqHmZDo3+h7Ky8XnFkJHw==",
      "license": "MIT",
      "bin": {
        "qm": "dist/bin/qm.js"
      },
      "engines": {
        "node": ">=24.0.0"
      }
    }
  }
}
